
Microsoft Visual Studio Solution File, Format Version 12.00
# Visual Studio Version 16
VisualStudioVersion = 16.0.31702.278
MinimumVisualStudioVersion = 10.0.40219.1
Project("{FAE04EC0-301F-11D3-BF4B-00C04F79EFBC}") = "Client", "Client.csproj", "{462988FF-F8CF-45F4-8E03-4F9456BE01C0}"
EndProject
Global
	GlobalSection(SolutionConfigurationPlatforms) = preSolution
		Debug|Any CPU = Debug|Any CPU
		Release|Any CPU = Release|Any CPU
	EndGlobalSection
	GlobalSection(ProjectConfigurationPlatforms) = postSolution
		{462988FF-F8CF-45F4-8E03-4F9456BE01C0}.Debug|Any CPU.ActiveCfg = Debug|Any CPU
		{462988FF-F8CF-45F4-8E03-4F9456BE01C0}.Debug|Any CPU.Build.0 = Debug|Any CPU
		{462988FF-F8CF-45F4-8E03-4F9456BE01C0}.Release|Any CPU.ActiveCfg = Release|Any CPU
		{462988FF-F8CF-45F4-8E03-4F9456BE01C0}.Release|Any CPU.Build.0 = Release|Any CPU
	EndGlobalSection
	GlobalSection(SolutionProperties) = preSolution
		HideSolutionNode = FALSE
	EndGlobalSection
	GlobalSection(ExtensibilityGlobals) = postSolution
		SolutionGuid = {82B53D33-CEEA-4EFA-A723-60448A422392}
	EndGlobalSection
EndGlobal
